
Microsoft Visual Studio Solution File, Format Version 12.00
# Visual Studio Version 16
VisualStudioVersion = 16.0.31702.278
MinimumVisualStudioVersion = 10.0.40219.1
Project("{FAE04EC0-301F-11D3-BF4B-00C04F79EFBC}") = "ChallengeAPI", "ChallengeAPI\ChallengeAPI.csproj", "{1571858B-1887-4CCD-9180-50330C1E8DEA}"
EndProject
Global
	GlobalSection(SolutionConfigurationPlatforms) = preSolution
		Debug|Any CPU = Debug|Any CPU
		Release|Any CPU = Release|Any CPU
	EndGlobalSection
	GlobalSection(ProjectConfigurationPlatforms) = postSolution
		{1571858B-1887-4CCD-9180-50330C1E8DEA}.Debug|Any CPU.ActiveCfg = Debug|Any CPU
		{1571858B-1887-4CCD-9180-50330C1E8DEA}.Debug|Any CPU.Build.0 = Debug|Any CPU
		{1571858B-1887-4CCD-9180-50330C1E8DEA}.Release|Any CPU.ActiveCfg = Release|Any CPU
		{1571858B-1887-4CCD-9180-50330C1E8DEA}.Release|Any CPU.Build.0 = Release|Any CPU
	EndGlobalSection
	GlobalSection(SolutionProperties) = preSolution
		HideSolutionNode = FALSE
	EndGlobalSection
	GlobalSection(ExtensibilityGlobals) = postSolution
		SolutionGuid = {8BB70DBB-3E5B-45AF-9902-732A2A0C60C0}
	EndGlobalSection
EndGlobal
